{
  "requires": true,
  "lockfileVersion": 1,
  "dependencies": {
    "buildpack": {
      "version": "0.0.1",
      "resolved": "https://registry.npmjs.org/buildpack/-/buildpack-0.0.1.tgz",
      "integrity": "sha512-kwSST0Azarg8qWu2m4ID4A75KHh5OTYkg8veIhYI6+d+RsEpyAAtfDvN88IqZHO6bhr2UpvBaNuVS74mVLpIhA=="
    }
  }
}
